// !$*UTF8*$!
{
	archiveVersion = 1;
	classes = {
	};
	objectVersion = 46;
	objects = {

/* Begin PBXBuildFile section */
		C2329FFE2512A01000673EFD /* ACSubscriptionTests.swift in Sources */ = {isa = PBXBuildFile; fileRef = C2329FFD2512A01000673EFD /* ACSubscriptionTests.swift */; };
		C2896D55251152B800C8E6B7 /* ACChannelIdentifier.swift in Sources */ = {isa = PBXBuildFile; fileRef = OBJ_9 /* ACChannelIdentifier.swift */; };
		C2896D56251152C500C8E6B7 /* ACClient.swift in Sources */ = {isa = PBXBuildFile; fileRef = OBJ_10 /* ACClient.swift */; };
		C2896D57251152C700C8E6B7 /* ACClientTap.swift in Sources */ = {isa = PBXBuildFile; fileRef = OBJ_11 /* ACClientTap.swift */; };
		C2896D58251152CA00C8E6B7 /* ACCommand.swift in Sources */ = {isa = PBXBuildFile; fileRef = OBJ_12 /* ACCommand.swift */; };
		C2896D59251152CC00C8E6B7 /* ACConnectionMonitor.swift in Sources */ = {isa = PBXBuildFile; fileRef = OBJ_13 /* ACConnectionMonitor.swift */; };
		C2896D5B251152D200C8E6B7 /* ACMessage.swift in Sources */ = {isa = PBXBuildFile; fileRef = OBJ_15 /* ACMessage.swift */; };
		C2896D5C251152D400C8E6B7 /* ACSubscription.swift in Sources */ = {isa = PBXBuildFile; fileRef = OBJ_16 /* ACSubscription.swift */; };
		C2896D5D251152D600C8E6B7 /* ACWebSocketProtocol.swift in Sources */ = {isa = PBXBuildFile; fileRef = OBJ_17 /* ACWebSocketProtocol.swift */; };
		C2896D5F2511533200C8E6B7 /* ACFakeWebSocket.swift in Sources */ = {isa = PBXBuildFile; fileRef = C2896D5E2511533200C8E6B7 /* ACFakeWebSocket.swift */; };
		OBJ_37 /* ACChannelIdentifier.swift in Sources */ = {isa = PBXBuildFile; fileRef = OBJ_9 /* ACChannelIdentifier.swift */; };
		OBJ_38 /* ACClient.swift in Sources */ = {isa = PBXBuildFile; fileRef = OBJ_10 /* ACClient.swift */; };
		OBJ_39 /* ACClientTap.swift in Sources */ = {isa = PBXBuildFile; fileRef = OBJ_11 /* ACClientTap.swift */; };
		OBJ_40 /* ACCommand.swift in Sources */ = {isa = PBXBuildFile; fileRef = OBJ_12 /* ACCommand.swift */; };
		OBJ_41 /* ACConnectionMonitor.swift in Sources */ = {isa = PBXBuildFile; fileRef = OBJ_13 /* ACConnectionMonitor.swift */; };
		OBJ_43 /* ACMessage.swift in Sources */ = {isa = PBXBuildFile; fileRef = OBJ_15 /* ACMessage.swift */; };
		OBJ_44 /* ACSubscription.swift in Sources */ = {isa = PBXBuildFile; fileRef = OBJ_16 /* ACSubscription.swift */; };
		OBJ_45 /* ACWebSocketProtocol.swift in Sources */ = {isa = PBXBuildFile; fileRef = OBJ_17 /* ACWebSocketProtocol.swift */; };
		OBJ_63 /* ACChannelIdentifierTests.swift in Sources */ = {isa = PBXBuildFile; fileRef = OBJ_20 /* ACChannelIdentifierTests.swift */; };
		OBJ_64 /* ACClientTapTests.swift in Sources */ = {isa = PBXBuildFile; fileRef = OBJ_21 /* ACClientTapTests.swift */; };
		OBJ_65 /* ACClientTests.swift in Sources */ = {isa = PBXBuildFile; fileRef = OBJ_22 /* ACClientTests.swift */; };
		OBJ_66 /* ACCommandTests.swift in Sources */ = {isa = PBXBuildFile; fileRef = OBJ_23 /* ACCommandTests.swift */; };
		OBJ_67 /* ACConnectionMonitorTests.swift in Sources */ = {isa = PBXBuildFile; fileRef = OBJ_24 /* ACConnectionMonitorTests.swift */; };
		OBJ_69 /* ACMessageTests.swift in Sources */ = {isa = PBXBuildFile; fileRef = OBJ_26 /* ACMessageTests.swift */; };
		OBJ_71 /* ACActionCable.framework in Frameworks */ = {isa = PBXBuildFile; fileRef = "ActionCableSwift::ActionCableSwift::Product" /* ACActionCable.framework */; };
/* End PBXBuildFile section */

/* Begin PBXContainerItemProxy section */
		C2896D532511529D00C8E6B7 /* PBXContainerItemProxy */ = {
			isa = PBXContainerItemProxy;
			containerPortal = OBJ_1 /* Project object */;
			proxyType = 1;
			remoteGlobalIDString = "ActionCableSwift::ActionCableSwift";
			remoteInfo = ActionCableSwift;
		};
/* End PBXContainerItemProxy section */

/* Begin PBXFileReference section */
		"ActionCableSwift::ActionCableSwift::Product" /* ACActionCable.framework */ = {isa = PBXFileReference; explicitFileType = wrapper.framework; path = ACActionCable.framework; sourceTree = BUILT_PRODUCTS_DIR; };
		"ActionCableSwift::ActionCableSwiftTests::Product" /* ACActionCableTests.xctest */ = {isa = PBXFileReference; explicitFileType = wrapper.cfbundle; path = ACActionCableTests.xctest; sourceTree = BUILT_PRODUCTS_DIR; };
		C202FD2F251159070064BB69 /* LICENSE */ = {isa = PBXFileReference; fileEncoding = 4; lastKnownFileType = text; path = LICENSE; sourceTree = "<group>"; };
		C202FD3225117F870064BB69 /* ACStarscreamWebSocket.swift */ = {isa = PBXFileReference; lastKnownFileType = sourcecode.swift; path = ACStarscreamWebSocket.swift; sourceTree = "<group>"; };
		C2329FFD2512A01000673EFD /* ACSubscriptionTests.swift */ = {isa = PBXFileReference; lastKnownFileType = sourcecode.swift; path = ACSubscriptionTests.swift; sourceTree = "<group>"; };
		C2896D5E2511533200C8E6B7 /* ACFakeWebSocket.swift */ = {isa = PBXFileReference; fileEncoding = 4; lastKnownFileType = sourcecode.swift; path = ACFakeWebSocket.swift; sourceTree = "<group>"; };
		OBJ_10 /* ACClient.swift */ = {isa = PBXFileReference; lastKnownFileType = sourcecode.swift; path = ACClient.swift; sourceTree = "<group>"; };
		OBJ_11 /* ACClientTap.swift */ = {isa = PBXFileReference; lastKnownFileType = sourcecode.swift; path = ACClientTap.swift; sourceTree = "<group>"; };
		OBJ_12 /* ACCommand.swift */ = {isa = PBXFileReference; lastKnownFileType = sourcecode.swift; path = ACCommand.swift; sourceTree = "<group>"; };
		OBJ_13 /* ACConnectionMonitor.swift */ = {isa = PBXFileReference; lastKnownFileType = sourcecode.swift; path = ACConnectionMonitor.swift; sourceTree = "<group>"; };
		OBJ_15 /* ACMessage.swift */ = {isa = PBXFileReference; lastKnownFileType = sourcecode.swift; path = ACMessage.swift; sourceTree = "<group>"; };
		OBJ_16 /* ACSubscription.swift */ = {isa = PBXFileReference; lastKnownFileType = sourcecode.swift; path = ACSubscription.swift; sourceTree = "<group>"; };
		OBJ_17 /* ACWebSocketProtocol.swift */ = {isa = PBXFileReference; lastKnownFileType = sourcecode.swift; path = ACWebSocketProtocol.swift; sourceTree = "<group>"; };
		OBJ_20 /* ACChannelIdentifierTests.swift */ = {isa = PBXFileReference; lastKnownFileType = sourcecode.swift; path = ACChannelIdentifierTests.swift; sourceTree = "<group>"; };
		OBJ_21 /* ACClientTapTests.swift */ = {isa = PBXFileReference; lastKnownFileType = sourcecode.swift; path = ACClientTapTests.swift; sourceTree = "<group>"; };
		OBJ_22 /* ACClientTests.swift */ = {isa = PBXFileReference; lastKnownFileType = sourcecode.swift; path = ACClientTests.swift; sourceTree = "<group>"; };
		OBJ_23 /* ACCommandTests.swift */ = {isa = PBXFileReference; lastKnownFileType = sourcecode.swift; path = ACCommandTests.swift; sourceTree = "<group>"; };
		OBJ_24 /* ACConnectionMonitorTests.swift */ = {isa = PBXFileReference; lastKnownFileType = sourcecode.swift; path = ACConnectionMonitorTests.swift; sourceTree = "<group>"; };
		OBJ_26 /* ACMessageTests.swift */ = {isa = PBXFileReference; lastKnownFileType = sourcecode.swift; path = ACMessageTests.swift; sourceTree = "<group>"; };
		OBJ_30 /* README.md */ = {isa = PBXFileReference; lastKnownFileType = net.daringfireball.markdown; path = README.md; sourceTree = "<group>"; };
		OBJ_31 /* ACActionCable.podspec */ = {isa = PBXFileReference; lastKnownFileType = text; path = ACActionCable.podspec; sourceTree = "<group>"; };
		OBJ_6 /* Package.swift */ = {isa = PBXFileReference; explicitFileType = sourcecode.swift; path = Package.swift; sourceTree = "<group>"; };
		OBJ_9 /* ACChannelIdentifier.swift */ = {isa = PBXFileReference; lastKnownFileType = sourcecode.swift; path = ACChannelIdentifier.swift; sourceTree = "<group>"; };
/* End PBXFileReference section */

/* Begin PBXFrameworksBuildPhase section */
		OBJ_46 /* Frameworks */ = {
			isa = PBXFrameworksBuildPhase;
			buildActionMask = 0;
			files = (
			);
			runOnlyForDeploymentPostprocessing = 0;
		};
		OBJ_70 /* Frameworks */ = {
			isa = PBXFrameworksBuildPhase;
			buildActionMask = 0;
			files = (
				OBJ_71 /* ACActionCable.framework in Frameworks */,
			);
			runOnlyForDeploymentPostprocessing = 0;
		};
/* End PBXFrameworksBuildPhase section */

/* Begin PBXGroup section */
		C202FD3125117F560064BB69 /* Examples */ = {
			isa = PBXGroup;
			children = (
				C202FD3225117F870064BB69 /* ACStarscreamWebSocket.swift */,
			);
			path = Examples;
			sourceTree = "<group>";
		};
		OBJ_18 /* Tests */ = {
			isa = PBXGroup;
			children = (
				OBJ_19 /* ACActionCableTests */,
			);
			name = Tests;
			sourceTree = SOURCE_ROOT;
		};
		OBJ_19 /* ACActionCableTests */ = {
			isa = PBXGroup;
			children = (
				OBJ_20 /* ACChannelIdentifierTests.swift */,
				OBJ_21 /* ACClientTapTests.swift */,
				OBJ_22 /* ACClientTests.swift */,
				OBJ_23 /* ACCommandTests.swift */,
				OBJ_24 /* ACConnectionMonitorTests.swift */,
				C2896D5E2511533200C8E6B7 /* ACFakeWebSocket.swift */,
				OBJ_26 /* ACMessageTests.swift */,
				C2329FFD2512A01000673EFD /* ACSubscriptionTests.swift */,
			);
			name = ACActionCableTests;
			path = Tests/ACActionCableTests;
			sourceTree = SOURCE_ROOT;
		};
		OBJ_27 /* Products */ = {
			isa = PBXGroup;
			children = (
				"ActionCableSwift::ActionCableSwiftTests::Product" /* ACActionCableTests.xctest */,
				"ActionCableSwift::ActionCableSwift::Product" /* ACActionCable.framework */,
			);
			name = Products;
			sourceTree = BUILT_PRODUCTS_DIR;
		};
		OBJ_5 = {
			isa = PBXGroup;
			children = (
				OBJ_7 /* Sources */,
				OBJ_18 /* Tests */,
				OBJ_27 /* Products */,
				OBJ_6 /* Package.swift */,
				OBJ_31 /* ACActionCable.podspec */,
				OBJ_30 /* README.md */,
				C202FD2F251159070064BB69 /* LICENSE */,
			);
			sourceTree = "<group>";
		};
		OBJ_7 /* Sources */ = {
			isa = PBXGroup;
			children = (
				C202FD3125117F560064BB69 /* Examples */,
				OBJ_8 /* ACActionCable */,
			);
			name = Sources;
			sourceTree = SOURCE_ROOT;
		};
		OBJ_8 /* ACActionCable */ = {
			isa = PBXGroup;
			children = (
				OBJ_9 /* ACChannelIdentifier.swift */,
				OBJ_10 /* ACClient.swift */,
				OBJ_11 /* ACClientTap.swift */,
				OBJ_12 /* ACCommand.swift */,
				OBJ_13 /* ACConnectionMonitor.swift */,
				OBJ_15 /* ACMessage.swift */,
				OBJ_16 /* ACSubscription.swift */,
				OBJ_17 /* ACWebSocketProtocol.swift */,
			);
			name = ACActionCable;
			path = Sources/ACActionCable;
			sourceTree = SOURCE_ROOT;
		};
/* End PBXGroup section */

/* Begin PBXNativeTarget section */
		"ActionCableSwift::ActionCableSwift" /* ACActionCable */ = {
			isa = PBXNativeTarget;
			buildConfigurationList = OBJ_33 /* Build configuration list for PBXNativeTarget "ACActionCable" */;
			buildPhases = (
				OBJ_36 /* Sources */,
				OBJ_46 /* Frameworks */,
			);
			buildRules = (
			);
			dependencies = (
			);
			name = ACActionCable;
			productName = ActionCableSwift;
			productReference = "ActionCableSwift::ActionCableSwift::Product" /* ACActionCable.framework */;
			productType = "com.apple.product-type.framework";
		};
		"ActionCableSwift::ActionCableSwiftTests" /* ACActionCableTests */ = {
			isa = PBXNativeTarget;
			buildConfigurationList = OBJ_59 /* Build configuration list for PBXNativeTarget "ACActionCableTests" */;
			buildPhases = (
				OBJ_62 /* Sources */,
				OBJ_70 /* Frameworks */,
			);
			buildRules = (
			);
			dependencies = (
				OBJ_72 /* PBXTargetDependency */,
			);
			name = ACActionCableTests;
			productName = ActionCableSwiftTests;
			productReference = "ActionCableSwift::ActionCableSwiftTests::Product" /* ACActionCableTests.xctest */;
			productType = "com.apple.product-type.bundle.unit-test";
		};
/* End PBXNativeTarget section */

/* Begin PBXProject section */
		OBJ_1 /* Project object */ = {
			isa = PBXProject;
			attributes = {
				LastSwiftMigration = 9999;
				LastUpgradeCheck = 9999;
			};
			buildConfigurationList = OBJ_2 /* Build configuration list for PBXProject "ACActionCable" */;
			compatibilityVersion = "Xcode 3.2";
			developmentRegion = en;
			hasScannedForEncodings = 0;
			knownRegions = (
				en,
			);
			mainGroup = OBJ_5;
			productRefGroup = OBJ_27 /* Products */;
			projectDirPath = "";
			projectRoot = "";
			targets = (
				"ActionCableSwift::ActionCableSwift" /* ACActionCable */,
				"ActionCableSwift::ActionCableSwiftTests" /* ACActionCableTests */,
			);
		};
/* End PBXProject section */

/* Begin PBXSourcesBuildPhase section */
		OBJ_36 /* Sources */ = {
			isa = PBXSourcesBuildPhase;
			buildActionMask = 0;
			files = (
				OBJ_37 /* ACChannelIdentifier.swift in Sources */,
				OBJ_38 /* ACClient.swift in Sources */,
				OBJ_39 /* ACClientTap.swift in Sources */,
				OBJ_40 /* ACCommand.swift in Sources */,
				OBJ_41 /* ACConnectionMonitor.swift in Sources */,
				OBJ_43 /* ACMessage.swift in Sources */,
				OBJ_44 /* ACSubscription.swift in Sources */,
				OBJ_45 /* ACWebSocketProtocol.swift in Sources */,
			);
			runOnlyForDeploymentPostprocessing = 0;
		};
		OBJ_62 /* Sources */ = {
			isa = PBXSourcesBuildPhase;
			buildActionMask = 0;
			files = (
				C2329FFE2512A01000673EFD /* ACSubscriptionTests.swift in Sources */,
				OBJ_63 /* ACChannelIdentifierTests.swift in Sources */,
				C2896D5D251152D600C8E6B7 /* ACWebSocketProtocol.swift in Sources */,
				OBJ_64 /* ACClientTapTests.swift in Sources */,
				C2896D57251152C700C8E6B7 /* ACClientTap.swift in Sources */,
				C2896D5C251152D400C8E6B7 /* ACSubscription.swift in Sources */,
				OBJ_65 /* ACClientTests.swift in Sources */,
				C2896D58251152CA00C8E6B7 /* ACCommand.swift in Sources */,
				C2896D56251152C500C8E6B7 /* ACClient.swift in Sources */,
				C2896D5B251152D200C8E6B7 /* ACMessage.swift in Sources */,
				OBJ_66 /* ACCommandTests.swift in Sources */,
				C2896D5F2511533200C8E6B7 /* ACFakeWebSocket.swift in Sources */,
				C2896D55251152B800C8E6B7 /* ACChannelIdentifier.swift in Sources */,
				C2896D59251152CC00C8E6B7 /* ACConnectionMonitor.swift in Sources */,
				OBJ_67 /* ACConnectionMonitorTests.swift in Sources */,
				OBJ_69 /* ACMessageTests.swift in Sources */,
			);
			runOnlyForDeploymentPostprocessing = 0;
		};
/* End PBXSourcesBuildPhase section */

/* Begin PBXTargetDependency section */
		OBJ_72 /* PBXTargetDependency */ = {
			isa = PBXTargetDependency;
			target = "ActionCableSwift::ActionCableSwift" /* ACActionCable */;
			targetProxy = C2896D532511529D00C8E6B7 /* PBXContainerItemProxy */;
		};
/* End PBXTargetDependency section */

/* Begin XCBuildConfiguration section */
		OBJ_3 /* Debug */ = {
			isa = XCBuildConfiguration;
			buildSettings = {
				CLANG_ENABLE_OBJC_ARC = YES;
				COMBINE_HIDPI_IMAGES = YES;
				COPY_PHASE_STRIP = NO;
				DEBUG_INFORMATION_FORMAT = dwarf;
				DYLIB_INSTALL_NAME_BASE = "@rpath";
				ENABLE_NS_ASSERTIONS = YES;
				GCC_OPTIMIZATION_LEVEL = 0;
				GCC_PREPROCESSOR_DEFINITIONS = (
					"$(inherited)",
					"SWIFT_PACKAGE=1",
					"DEBUG=1",
				);
				MACOSX_DEPLOYMENT_TARGET = 10.13;
				ONLY_ACTIVE_ARCH = YES;
				OTHER_SWIFT_FLAGS = "$(inherited) -DXcode";
				PRODUCT_NAME = "$(TARGET_NAME)";
				SDKROOT = macosx;
				SUPPORTED_PLATFORMS = "macosx iphoneos iphonesimulator appletvos appletvsimulator watchos watchsimulator";
				SWIFT_ACTIVE_COMPILATION_CONDITIONS = "$(inherited) SWIFT_PACKAGE DEBUG";
				SWIFT_OPTIMIZATION_LEVEL = "-Onone";
				USE_HEADERMAP = NO;
			};
			name = Debug;
		};
		OBJ_34 /* Debug */ = {
			isa = XCBuildConfiguration;
			buildSettings = {
				CURRENT_PROJECT_VERSION = 1;
				ENABLE_TESTABILITY = YES;
				FRAMEWORK_SEARCH_PATHS = (
					"$(inherited)",
					"$(PLATFORM_DIR)/Developer/Library/Frameworks",
				);
				HEADER_SEARCH_PATHS = "$(inherited)";
				INFOPLIST_FILE = ACActionCable.xcodeproj/ACActionCable_Info.plist;
				IPHONEOS_DEPLOYMENT_TARGET = 11.0;
				LD_RUNPATH_SEARCH_PATHS = "$(inherited) $(TOOLCHAIN_DIR)/usr/lib/swift/macosx";
				MACOSX_DEPLOYMENT_TARGET = 10.13;
				MARKETING_VERSION = 2.1.0;
				OTHER_CFLAGS = "$(inherited)";
				OTHER_LDFLAGS = "$(inherited)";
				OTHER_SWIFT_FLAGS = "$(inherited)";
				PRODUCT_BUNDLE_IDENTIFIER = ACActionCable;
				PRODUCT_MODULE_NAME = "$(TARGET_NAME:c99extidentifier)";
				PRODUCT_NAME = "$(TARGET_NAME:c99extidentifier)";
				SKIP_INSTALL = YES;
				SWIFT_ACTIVE_COMPILATION_CONDITIONS = "$(inherited)";
				SWIFT_VERSION = 5.0;
				TARGET_NAME = ACActionCable;
				TVOS_DEPLOYMENT_TARGET = 9.0;
				WATCHOS_DEPLOYMENT_TARGET = 2.0;
			};
			name = Debug;
		};
		OBJ_35 /* Release */ = {
			isa = XCBuildConfiguration;
			buildSettings = {
				CURRENT_PROJECT_VERSION = 1;
				ENABLE_TESTABILITY = YES;
				FRAMEWORK_SEARCH_PATHS = (
					"$(inherited)",
					"$(PLATFORM_DIR)/Developer/Library/Frameworks",
				);
				HEADER_SEARCH_PATHS = "$(inherited)";
				INFOPLIST_FILE = ACActionCable.xcodeproj/ACActionCable_Info.plist;
				IPHONEOS_DEPLOYMENT_TARGET = 11.0;
				LD_RUNPATH_SEARCH_PATHS = "$(inherited) $(TOOLCHAIN_DIR)/usr/lib/swift/macosx";
				MACOSX_DEPLOYMENT_TARGET = 10.13;
				MARKETING_VERSION = 2.1.0;
				OTHER_CFLAGS = "$(inherited)";
				OTHER_LDFLAGS = "$(inherited)";
				OTHER_SWIFT_FLAGS = "$(inherited)";
				PRODUCT_BUNDLE_IDENTIFIER = ACActionCable;
				PRODUCT_MODULE_NAME = "$(TARGET_NAME:c99extidentifier)";
				PRODUCT_NAME = "$(TARGET_NAME:c99extidentifier)";
				SKIP_INSTALL = YES;
				SWIFT_ACTIVE_COMPILATION_CONDITIONS = "$(inherited)";
				SWIFT_VERSION = 5.0;
				TARGET_NAME = ACActionCable;
				TVOS_DEPLOYMENT_TARGET = 9.0;
				WATCHOS_DEPLOYMENT_TARGET = 2.0;
			};
			name = Release;
		};
		OBJ_4 /* Release */ = {
			isa = XCBuildConfiguration;
			buildSettings = {
				CLANG_ENABLE_OBJC_ARC = YES;
				COMBINE_HIDPI_IMAGES = YES;
				COPY_PHASE_STRIP = YES;
				DEBUG_INFORMATION_FORMAT = "dwarf-with-dsym";
				DYLIB_INSTALL_NAME_BASE = "@rpath";
				GCC_OPTIMIZATION_LEVEL = s;
				GCC_PREPROCESSOR_DEFINITIONS = (
					"$(inherited)",
					"SWIFT_PACKAGE=1",
				);
				MACOSX_DEPLOYMENT_TARGET = 10.13;
				OTHER_SWIFT_FLAGS = "$(inherited) -DXcode";
				PRODUCT_NAME = "$(TARGET_NAME)";
				SDKROOT = macosx;
				SUPPORTED_PLATFORMS = "macosx iphoneos iphonesimulator appletvos appletvsimulator watchos watchsimulator";
				SWIFT_ACTIVE_COMPILATION_CONDITIONS = "$(inherited) SWIFT_PACKAGE";
				SWIFT_OPTIMIZATION_LEVEL = "-Owholemodule";
				USE_HEADERMAP = NO;
			};
			name = Release;
		};
		OBJ_60 /* Debug */ = {
			isa = XCBuildConfiguration;
			buildSettings = {
				CLANG_ENABLE_MODULES = YES;
				EMBEDDED_CONTENT_CONTAINS_SWIFT = YES;
				FRAMEWORK_SEARCH_PATHS = (
					"$(inherited)",
					"$(PLATFORM_DIR)/Developer/Library/Frameworks",
				);
				HEADER_SEARCH_PATHS = "$(inherited)";
				INFOPLIST_FILE = ACActionCable.xcodeproj/ACActionCableTests_Info.plist;
				IPHONEOS_DEPLOYMENT_TARGET = 11.0;
				LD_RUNPATH_SEARCH_PATHS = "$(inherited) @loader_path/../Frameworks @loader_path/Frameworks";
				MACOSX_DEPLOYMENT_TARGET = 10.13;
				OTHER_CFLAGS = "$(inherited)";
				OTHER_LDFLAGS = "$(inherited)";
				OTHER_SWIFT_FLAGS = "$(inherited)";
				PRODUCT_NAME = ACActionCableTests;
				SWIFT_ACTIVE_COMPILATION_CONDITIONS = "$(inherited)";
				SWIFT_VERSION = 5.0;
				TARGET_NAME = ACActionCableTests;
				TVOS_DEPLOYMENT_TARGET = 9.0;
				WATCHOS_DEPLOYMENT_TARGET = 2.0;
			};
			name = Debug;
		};
		OBJ_61 /* Release */ = {
			isa = XCBuildConfiguration;
			buildSettings = {
				CLANG_ENABLE_MODULES = YES;
				EMBEDDED_CONTENT_CONTAINS_SWIFT = YES;
				FRAMEWORK_SEARCH_PATHS = (
					"$(inherited)",
					"$(PLATFORM_DIR)/Developer/Library/Frameworks",
				);
				HEADER_SEARCH_PATHS = "$(inherited)";
				INFOPLIST_FILE = ACActionCable.xcodeproj/ACActionCableTests_Info.plist;
				IPHONEOS_DEPLOYMENT_TARGET = 11.0;
				LD_RUNPATH_SEARCH_PATHS = "$(inherited) @loader_path/../Frameworks @loader_path/Frameworks";
				MACOSX_DEPLOYMENT_TARGET = 10.13;
				OTHER_CFLAGS = "$(inherited)";
				OTHER_LDFLAGS = "$(inherited)";
				OTHER_SWIFT_FLAGS = "$(inherited)";
				PRODUCT_NAME = ACActionCableTests;
				SWIFT_ACTIVE_COMPILATION_CONDITIONS = "$(inherited)";
				SWIFT_VERSION = 5.0;
				TARGET_NAME = ACActionCableTests;
				TVOS_DEPLOYMENT_TARGET = 9.0;
				WATCHOS_DEPLOYMENT_TARGET = 2.0;
			};
			name = Release;
		};
/* End XCBuildConfiguration section */

/* Begin XCConfigurationList section */
		OBJ_2 /* Build configuration list for PBXProject "ACActionCable" */ = {
			isa = XCConfigurationList;
			buildConfigurations = (
				OBJ_3 /* Debug */,
				OBJ_4 /* Release */,
			);
			defaultConfigurationIsVisible = 0;
			defaultConfigurationName = Release;
		};
		OBJ_33 /* Build configuration list for PBXNativeTarget "ACActionCable" */ = {
			isa = XCConfigurationList;
			buildConfigurations = (
				OBJ_34 /* Debug */,
				OBJ_35 /* Release */,
			);
			defaultConfigurationIsVisible = 0;
			defaultConfigurationName = Release;
		};
		OBJ_59 /* Build configuration list for PBXNativeTarget "ACActionCableTests" */ = {
			isa = XCConfigurationList;
			buildConfigurations = (
				OBJ_60 /* Debug */,
				OBJ_61 /* Release */,
			);
			defaultConfigurationIsVisible = 0;
			defaultConfigurationName = Release;
		};
/* End XCConfigurationList section */
	};
	rootObject = OBJ_1 /* Project object */;
}
